
Microsoft Visual Studio Solution File, Format Version 12.00
# Visual Studio Version 16
VisualStudioVersion = 16.0.31402.337
MinimumVisualStudioVersion = 10.0.40219.1
Project("{FAE04EC0-301F-11D3-BF4B-00C04F79EFBC}") = "Console_Game", "Console_Game\Console_Game.csproj", "{FE1EF8DB-E0CC-4E68-8D58-A78D6C5DD1EE}"
EndProject
Global
	GlobalSection(SolutionConfigurationPlatforms) = preSolution
		Debug|Any CPU = Debug|Any CPU
		Release|Any CPU = Release|Any CPU
	EndGlobalSection
	GlobalSection(ProjectConfigurationPlatforms) = postSolution
		{FE1EF8DB-E0CC-4E68-8D58-A78D6C5DD1EE}.Debug|Any CPU.ActiveCfg = Debug|Any CPU
		{FE1EF8DB-E0CC-4E68-8D58-A78D6C5DD1EE}.Debug|Any CPU.Build.0 = Debug|Any CPU
		{FE1EF8DB-E0CC-4E68-8D58-A78D6C5DD1EE}.Release|Any CPU.ActiveCfg = Release|Any CPU
		{FE1EF8DB-E0CC-4E68-8D58-A78D6C5DD1EE}.Release|Any CPU.Build.0 = Release|Any CPU
	EndGlobalSection
	GlobalSection(SolutionProperties) = preSolution
		HideSolutionNode = FALSE
	EndGlobalSection
	GlobalSection(ExtensibilityGlobals) = postSolution
		SolutionGuid = {B6002D48-0D72-4FBC-B070-1929219FD38F}
	EndGlobalSection
EndGlobal
